
Microsoft Visual Studio Solution File, Format Version 12.00
# Visual Studio Version 16
VisualStudioVersion = 16.0.29318.209
MinimumVisualStudioVersion = 10.0.40219.1
Project("{FAE04EC0-301F-11D3-BF4B-00C04F79EFBC}") = "VeSync", "VeSync\VeSync.csproj", "{B80C7011-0453-41CD-8B59-6841A15BF6FC}"
EndProject
Project("{FAE04EC0-301F-11D3-BF4B-00C04F79EFBC}") = "TestApplication", "TestApplication\TestApplication.csproj", "{67164585-09CD-4FCC-AFEF-B38EE403AD1C}"
EndProject
Global
	GlobalSection(SolutionConfigurationPlatforms) = preSolution
		Debug|Any CPU = Debug|Any CPU
		Release|Any CPU = Release|Any CPU
	EndGlobalSection
	GlobalSection(ProjectConfigurationPlatforms) = postSolution
		{B80C7011-0453-41CD-8B59-6841A15BF6FC}.Debug|Any CPU.ActiveCfg = Debug|Any CPU
		{B80C7011-0453-41CD-8B59-6841A15BF6FC}.Debug|Any CPU.Build.0 = Debug|Any CPU
		{B80C7011-0453-41CD-8B59-6841A15BF6FC}.Release|Any CPU.ActiveCfg = Release|Any CPU
		{B80C7011-0453-41CD-8B59-6841A15BF6FC}.Release|Any CPU.Build.0 = Release|Any CPU
		{67164585-09CD-4FCC-AFEF-B38EE403AD1C}.Debug|Any CPU.ActiveCfg = Debug|Any CPU
		{67164585-09CD-4FCC-AFEF-B38EE403AD1C}.Debug|Any CPU.Build.0 = Debug|Any CPU
		{67164585-09CD-4FCC-AFEF-B38EE403AD1C}.Release|Any CPU.ActiveCfg = Release|Any CPU
		{67164585-09CD-4FCC-AFEF-B38EE403AD1C}.Release|Any CPU.Build.0 = Release|Any CPU
	EndGlobalSection
	GlobalSection(SolutionProperties) = preSolution
		HideSolutionNode = FALSE
	EndGlobalSection
	GlobalSection(ExtensibilityGlobals) = postSolution
		SolutionGuid = {E4D56854-1F53-40C0-AA5E-D91135FBBF60}
	EndGlobalSection
EndGlobal
